// !$*UTF8*$!
{
	archiveVersion = 1;
	classes = {
	};
	objectVersion = 50;
	objects = {

/* Begin PBXBuildFile section */
		55B9FA1B236C99B4001BF783 /* AppDelegate.swift in Sources */ = {isa = PBXBuildFile; fileRef = 55B9FA1A236C99B4001BF783 /* AppDelegate.swift */; };
		55B9FA1D236C99B4001BF783 /* SceneDelegate.swift in Sources */ = {isa = PBXBuildFile; fileRef = 55B9FA1C236C99B4001BF783 /* SceneDelegate.swift */; };
		55B9FA1F236C99B4001BF783 /* LoginViewController.swift in Sources */ = {isa = PBXBuildFile; fileRef = 55B9FA1E236C99B4001BF783 /* LoginViewController.swift */; };
		55B9FA22236C99B4001BF783 /* Main.storyboard in Resources */ = {isa = PBXBuildFile; fileRef = 55B9FA20236C99B4001BF783 /* Main.storyboard */; };
		55B9FA24236C99B6001BF783 /* Assets.xcassets in Resources */ = {isa = PBXBuildFile; fileRef = 55B9FA23236C99B6001BF783 /* Assets.xcassets */; };
		55B9FA27236C99B6001BF783 /* LaunchScreen.storyboard in Resources */ = {isa = PBXBuildFile; fileRef = 55B9FA25236C99B6001BF783 /* LaunchScreen.storyboard */; };
/* End PBXBuildFile section */

/* Begin PBXFileReference section */
		55B9FA17236C99B4001BF783 /* C0764112_MidTerm_MAD3115F2019-P1.app */ = {isa = PBXFileReference; explicitFileType = wrapper.application; includeInIndex = 0; path = "C0764112_MidTerm_MAD3115F2019-P1.app"; sourceTree = BUILT_PRODUCTS_DIR; };
		55B9FA1A236C99B4001BF783 /* AppDelegate.swift */ = {isa = PBXFileReference; lastKnownFileType = sourcecode.swift; path = AppDelegate.swift; sourceTree = "<group>"; };
		55B9FA1C236C99B4001BF783 /* SceneDelegate.swift */ = {isa = PBXFileReference; lastKnownFileType = sourcecode.swift; path = SceneDelegate.swift; sourceTree = "<group>"; };
		55B9FA1E236C99B4001BF783 /* LoginViewController.swift */ = {isa = PBXFileReference; lastKnownFileType = sourcecode.swift; path = LoginViewController.swift; sourceTree = "<group>"; };
		55B9FA21236C99B4001BF783 /* Base */ = {isa = PBXFileReference; lastKnownFileType = file.storyboard; name = Base; path = Base.lproj/Main.storyboard; sourceTree = "<group>"; };
		55B9FA23236C99B6001BF783 /* Assets.xcassets */ = {isa = PBXFileReference; lastKnownFileType = folder.assetcatalog; path = Assets.xcassets; sourceTree = "<group>"; };
		55B9FA26236C99B6001BF783 /* Base */ = {isa = PBXFileReference; lastKnownFileType = file.storyboard; name = Base; path = Base.lproj/LaunchScreen.storyboard; sourceTree = "<group>"; };
		55B9FA28236C99B6001BF783 /* Info.plist */ = {isa = PBXFileReference; lastKnownFileType = text.plist.xml; path = Info.plist; sourceTree = "<group>"; };
/* End PBXFileReference section */

/* Begin PBXFrameworksBuildPhase section */
		55B9FA14236C99B4001BF783 /* Frameworks */ = {
			isa = PBXFrameworksBuildPhase;
			buildActionMask = 2147483647;
			files = (
			);
			runOnlyForDeploymentPostprocessing = 0;
		};
/* End PBXFrameworksBuildPhase section */

/* Begin PBXGroup section */
		55B9FA0E236C99B4001BF783 = {
			isa = PBXGroup;
			children = (
				55B9FA19236C99B4001BF783 /* C0764112_MidTerm_MAD3115F2019-P1 */,
				55B9FA18236C99B4001BF783 /* Products */,
			);
			sourceTree = "<group>";
		};
		55B9FA18236C99B4001BF783 /* Products */ = {
			isa = PBXGroup;
			children = (
				55B9FA17236C99B4001BF783 /* C0764112_MidTerm_MAD3115F2019-P1.app */,
			);
			name = Products;
			sourceTree = "<group>";
		};
		55B9FA19236C99B4001BF783 /* C0764112_MidTerm_MAD3115F2019-P1 */ = {
			isa = PBXGroup;
			children = (
				55B9FA1A236C99B4001BF783 /* AppDelegate.swift */,
				55B9FA1C236C99B4001BF783 /* SceneDelegate.swift */,
				55B9FA1E236C99B4001BF783 /* LoginViewController.swift */,
				55B9FA20236C99B4001BF783 /* Main.storyboard */,
				55B9FA23236C99B6001BF783 /* Assets.xcassets */,
				55B9FA25236C99B6001BF783 /* LaunchScreen.storyboard */,
				55B9FA28236C99B6001BF783 /* Info.plist */,
			);
			path = "C0764112_MidTerm_MAD3115F2019-P1";
			sourceTree = "<group>";
		};
/* End PBXGroup section */

/* Begin PBXNativeTarget section */
		55B9FA16236C99B4001BF783 /* C0764112_MidTerm_MAD3115F2019-P1 */ = {
			isa = PBXNativeTarget;
			buildConfigurationList = 55B9FA2B236C99B6001BF783 /* Build configuration list for PBXNativeTarget "C0764112_MidTerm_MAD3115F2019-P1" */;
			buildPhases = (
				55B9FA13236C99B4001BF783 /* Sources */,
				55B9FA14236C99B4001BF783 /* Frameworks */,
				55B9FA15236C99B4001BF783 /* Resources */,
			);
			buildRules = (
			);
			dependencies = (
			);
			name = "C0764112_MidTerm_MAD3115F2019-P1";
			productName = "C0764112_MidTerm_MAD3115F2019-P1";
			productReference = 55B9FA17236C99B4001BF783 /* C0764112_MidTerm_MAD3115F2019-P1.app */;
			productType = "com.apple.product-type.application";
		};
/* End PBXNativeTarget section */

/* Begin PBXProject section */
		55B9FA0F236C99B4001BF783 /* Project object */ = {
			isa = PBXProject;
			attributes = {
				LastSwiftUpdateCheck = 1110;
				LastUpgradeCheck = 1110;
				ORGANIZATIONNAME = "Sandeep Singh";
				TargetAttributes = {
					55B9FA16236C99B4001BF783 = {
						CreatedOnToolsVersion = 11.1;
					};
				};
			};
			buildConfigurationList = 55B9FA12236C99B4001BF783 /* Build configuration list for PBXProject "C0764112_MidTerm_MAD3115F2019-P1" */;
			compatibilityVersion = "Xcode 9.3";
			developmentRegion = en;
			hasScannedForEncodings = 0;
			knownRegions = (
				en,
				Base,
			);
			mainGroup = 55B9FA0E236C99B4001BF783;
			productRefGroup = 55B9FA18236C99B4001BF783 /* Products */;
			projectDirPath = "";
			projectRoot = "";
			targets = (
				55B9FA16236C99B4001BF783 /* C0764112_MidTerm_MAD3115F2019-P1 */,
			);
		};
/* End PBXProject section */

/* Begin PBXResourcesBuildPhase section */
		55B9FA15236C99B4001BF783 /* Resources */ = {
			isa = PBXResourcesBuildPhase;
			buildActionMask = 2147483647;
			files = (
				55B9FA27236C99B6001BF783 /* LaunchScreen.storyboard in Resources */,
				55B9FA24236C99B6001BF783 /* Assets.xcassets in Resources */,
				55B9FA22236C99B4001BF783 /* Main.storyboard in Resources */,
			);
			runOnlyForDeploymentPostprocessing = 0;
		};
/* End PBXResourcesBuildPhase section */

/* Begin PBXSourcesBuildPhase section */
		55B9FA13236C99B4001BF783 /* Sources */ = {
			isa = PBXSourcesBuildPhase;
			buildActionMask = 2147483647;
			files = (
				55B9FA1F236C99B4001BF783 /* LoginViewController.swift in Sources */,
				55B9FA1B236C99B4001BF783 /* AppDelegate.swift in Sources */,
				55B9FA1D236C99B4001BF783 /* SceneDelegate.swift in Sources */,
			);
			runOnlyForDeploymentPostprocessing = 0;
		};
/* End PBXSourcesBuildPhase section */

/* Begin PBXVariantGroup section */
		55B9FA20236C99B4001BF783 /* Main.storyboard */ = {
			isa = PBXVariantGroup;
			children = (
				55B9FA21236C99B4001BF783 /* Base */,
			);
			name = Main.storyboard;
			sourceTree = "<group>";
		};
		55B9FA25236C99B6001BF783 /* LaunchScreen.storyboard */ = {
			isa = PBXVariantGroup;
			children = (
				55B9FA26236C99B6001BF783 /* Base */,
			);
			name = LaunchScreen.storyboard;
			sourceTree = "<group>";
		};
/* End PBXVariantGroup section */

/* Begin XCBuildConfiguration section */
		55B9FA29236C99B6001BF783 /* Debug */ = {
			isa = XCBuildConfiguration;
			buildSettings = {
				ALWAYS_SEARCH_USER_PATHS = NO;
				CLANG_ANALYZER_NONNULL = YES;
				CLANG_ANALYZER_NUMBER_OBJECT_CONVERSION = YES_AGGRESSIVE;
				CLANG_CXX_LANGUAGE_STANDARD = "gnu++14";
				CLANG_CXX_LIBRARY = "libc++";
				CLANG_ENABLE_MODULES = YES;
				CLANG_ENABLE_OBJC_ARC = YES;
				CLANG_ENABLE_OBJC_WEAK = YES;
				CLANG_WARN_BLOCK_CAPTURE_AUTORELEASING = YES;
				CLANG_WARN_BOOL_CONVERSION = YES;
				CLANG_WARN_COMMA = YES;
				CLANG_WARN_CONSTANT_CONVERSION = YES;
				CLANG_WARN_DEPRECATED_OBJC_IMPLEMENTATIONS = YES;
				CLANG_WARN_DIRECT_OBJC_ISA_USAGE = YES_ERROR;
				CLANG_WARN_DOCUMENTATION_COMMENTS = YES;
				CLANG_WARN_EMPTY_BODY = YES;
				CLANG_WARN_ENUM_CONVERSION = YES;
				CLANG_WARN_INFINITE_RECURSION = YES;
				CLANG_WARN_INT_CONVERSION = YES;
				CLANG_WARN_NON_LITERAL_NULL_CONVERSION = YES;
				CLANG_WARN_OBJC_IMPLICIT_RETAIN_SELF = YES;
				CLANG_WARN_OBJC_LITERAL_CONVERSION = YES;
				CLANG_WARN_OBJC_ROOT_CLASS = YES_ERROR;
				CLANG_WARN_RANGE_LOOP_ANALYSIS = YES;
				CLANG_WARN_STRICT_PROTOTYPES = YES;
				CLANG_WARN_SUSPICIOUS_MOVE = YES;
				CLANG_WARN_UNGUARDED_AVAILABILITY = YES_AGGRESSIVE;
				CLANG_WARN_UNREACHABLE_CODE = YES;
				CLANG_WARN__DUPLICATE_METHOD_MATCH = YES;
				COPY_PHASE_STRIP = NO;
				DEBUG_INFORMATION_FORMAT = dwarf;
				ENABLE_STRICT_OBJC_MSGSEND = YES;
				ENABLE_TESTABILITY = YES;
				GCC_C_LANGUAGE_STANDARD = gnu11;
				GCC_DYNAMIC_NO_PIC = NO;
				GCC_NO_COMMON_BLOCKS = YES;
				GCC_OPTIMIZATION_LEVEL = 0;
				GCC_PREPROCESSOR_DEFINITIONS = (
					"DEBUG=1",
					"$(inherited)",
				);
				GCC_WARN_64_TO_32_BIT_CONVERSION = YES;
				GCC_WARN_ABOUT_RETURN_TYPE = YES_ERROR;
				GCC_WARN_UNDECLARED_SELECTOR = YES;
				GCC_WARN_UNINITIALIZED_AUTOS = YES_AGGRESSIVE;
				GCC_WARN_UNUSED_FUNCTION = YES;
				GCC_WARN_UNUSED_VARIABLE = YES;
				IPHONEOS_DEPLOYMENT_TARGET = 13.1;
				MTL_ENABLE_DEBUG_INFO = INCLUDE_SOURCE;
				MTL_FAST_MATH = YES;
				ONLY_ACTIVE_ARCH = YES;
				SDKROOT = iphoneos;
				SWIFT_ACTIVE_COMPILATION_CONDITIONS = DEBUG;
				SWIFT_OPTIMIZATION_LEVEL = "-Onone";
			};
			name = Debug;
		};
		55B9FA2A236C99B6001BF783 /* Release */ = {
			isa = XCBuildConfiguration;
			buildSettings = {
				ALWAYS_SEARCH_USER_PATHS = NO;
				CLANG_ANALYZER_NONNULL = YES;
				CLANG_ANALYZER_NUMBER_OBJECT_CONVERSION = YES_AGGRESSIVE;
				CLANG_CXX_LANGUAGE_STANDARD = "gnu++14";
				CLANG_CXX_LIBRARY = "libc++";
				CLANG_ENABLE_MODULES = YES;
				CLANG_ENABLE_OBJC_ARC = YES;
				CLANG_ENABLE_OBJC_WEAK = YES;
				CLANG_WARN_BLOCK_CAPTURE_AUTORELEASING = YES;
				CLANG_WARN_BOOL_CONVERSION = YES;
				CLANG_WARN_COMMA = YES;
				CLANG_WARN_CONSTANT_CONVERSION = YES;
				CLANG_WARN_DEPRECATED_OBJC_IMPLEMENTATIONS = YES;
				CLANG_WARN_DIRECT_OBJC_ISA_USAGE = YES_ERROR;
				CLANG_WARN_DOCUMENTATION_COMMENTS = YES;
				CLANG_WARN_EMPTY_BODY = YES;
				CLANG_WARN_ENUM_CONVERSION = YES;
				CLANG_WARN_INFINITE_RECURSION = YES;
				CLANG_WARN_INT_CONVERSION = YES;
				CLANG_WARN_NON_LITERAL_NULL_CONVERSION = YES;
				CLANG_WARN_OBJC_IMPLICIT_RETAIN_SELF = YES;
				CLANG_WARN_OBJC_LITERAL_CONVERSION = YES;
				CLANG_WARN_OBJC_ROOT_CLASS = YES_ERROR;
				CLANG_WARN_RANGE_LOOP_ANALYSIS = YES;
				CLANG_WARN_STRICT_PROTOTYPES = YES;
				CLANG_WARN_SUSPICIOUS_MOVE = YES;
				CLANG_WARN_UNGUARDED_AVAILABILITY = YES_AGGRESSIVE;
				CLANG_WARN_UNREACHABLE_CODE = YES;
				CLANG_WARN__DUPLICATE_METHOD_MATCH = YES;
				COPY_PHASE_STRIP = NO;
				DEBUG_INFORMATION_FORMAT = "dwarf-with-dsym";
				ENABLE_NS_ASSERTIONS = NO;
				ENABLE_STRICT_OBJC_MSGSEND = YES;
				GCC_C_LANGUAGE_STANDARD = gnu11;
				GCC_NO_COMMON_BLOCKS = YES;
				GCC_WARN_64_TO_32_BIT_CONVERSION = YES;
				GCC_WARN_ABOUT_RETURN_TYPE = YES_ERROR;
				GCC_WARN_UNDECLARED_SELECTOR = YES;
				GCC_WARN_UNINITIALIZED_AUTOS = YES_AGGRESSIVE;
				GCC_WARN_UNUSED_FUNCTION = YES;
				GCC_WARN_UNUSED_VARIABLE = YES;
				IPHONEOS_DEPLOYMENT_TARGET = 13.1;
				MTL_ENABLE_DEBUG_INFO = NO;
				MTL_FAST_MATH = YES;
				SDKROOT = iphoneos;
				SWIFT_COMPILATION_MODE = wholemodule;
				SWIFT_OPTIMIZATION_LEVEL = "-O";
				VALIDATE_PRODUCT = YES;
			};
			name = Release;
		};
		55B9FA2C236C99B6001BF783 /* Debug */ = {
			isa = XCBuildConfiguration;
			buildSettings = {
				ASSETCATALOG_COMPILER_APPICON_NAME = AppIcon;
				CODE_SIGN_STYLE = Automatic;
				INFOPLIST_FILE = "C0764112_MidTerm_MAD3115F2019-P1/Info.plist";
				LD_RUNPATH_SEARCH_PATHS = (
					"$(inherited)",
					"@executable_path/Frameworks",
				);
				PRODUCT_BUNDLE_IDENTIFIER = "Sandeep.C0764112-MidTerm-MAD3115F2019-P1";
				PRODUCT_NAME = "$(TARGET_NAME)";
				SWIFT_VERSION = 5.0;
				TARGETED_DEVICE_FAMILY = "1,2";
			};
			name = Debug;
		};
		55B9FA2D236C99B6001BF783 /* Release */ = {
			isa = XCBuildConfiguration;
			buildSettings = {
				ASSETCATALOG_COMPILER_APPICON_NAME = AppIcon;
				CODE_SIGN_STYLE = Automatic;
				INFOPLIST_FILE = "C0764112_MidTerm_MAD3115F2019-P1/Info.plist";
				LD_RUNPATH_SEARCH_PATHS = (
					"$(inherited)",
					"@executable_path/Frameworks",
				);
				PRODUCT_BUNDLE_IDENTIFIER = "Sandeep.C0764112-MidTerm-MAD3115F2019-P1";
				PRODUCT_NAME = "$(TARGET_NAME)";
				SWIFT_VERSION = 5.0;
				TARGETED_DEVICE_FAMILY = "1,2";
			};
			name = Release;
		};
/* End XCBuildConfiguration section */

/* Begin XCConfigurationList section */
		55B9FA12236C99B4001BF783 /* Build configuration list for PBXProject "C0764112_MidTerm_MAD3115F2019-P1" */ = {
			isa = XCConfigurationList;
			buildConfigurations = (
				55B9FA29236C99B6001BF783 /* Debug */,
				55B9FA2A236C99B6001BF783 /* Release */,
			);
			defaultConfigurationIsVisible = 0;
			defaultConfigurationName = Release;
		};
		55B9FA2B236C99B6001BF783 /* Build configuration list for PBXNativeTarget "C0764112_MidTerm_MAD3115F2019-P1" */ = {
			isa = XCConfigurationList;
			buildConfigurations = (
				55B9FA2C236C99B6001BF783 /* Debug */,
				55B9FA2D236C99B6001BF783 /* Release */,
			);
			defaultConfigurationIsVisible = 0;
			defaultConfigurationName = Release;
		};
/* End XCConfigurationList section */
	};
	rootObject = 55B9FA0F236C99B4001BF783 /* Project object */;
}
